// !$*UTF8*$!
{
	archiveVersion = 1;
	classes = {
	};
	objectVersion = 46;
	objects = {

/* Begin PBXBuildFile section */
		498A3912182ACC8F00771E1F /* MLMultithreading.h in Headers */ = {isa = PBXBuildFile; fileRef = 498A3910182ACC8F00771E1F /* MLMultithreading.h */; };
		49AEFCA7181A4EDB00ED8796 /* MLFrameworkLite.h in Headers */ = {isa = PBXBuildFile; fileRef = 49AEFCA5181A4EDB00ED8796 /* MLFrameworkLite.h */; };
		49AEFCA8181A4EDB00ED8796 /* MLFrameworkLite.m in Sources */ = {isa = PBXBuildFile; fileRef = 49AEFCA6181A4EDB00ED8796 /* MLFrameworkLite.m */; };
		49AEFCA9181A4EDB00ED8796 /* MLFrameworkLite.m in Sources */ = {isa = PBXBuildFile; fileRef = 49AEFCA6181A4EDB00ED8796 /* MLFrameworkLite.m */; };
		49AEFCB2181C334800ED8796 /* MLLogMacros.h in Headers */ = {isa = PBXBuildFile; fileRef = 49AEFCB1181C326A00ED8796 /* MLLogMacros.h */; };
		49BB8D141818FCE1007400A5 /* Cocoa.framework in Frameworks */ = {isa = PBXBuildFile; fileRef = 49BB8D131818FCE1007400A5 /* Cocoa.framework */; };
		49BB8D1E1818FCE1007400A5 /* InfoPlist.strings in Resources */ = {isa = PBXBuildFile; fileRef = 49BB8D1C1818FCE1007400A5 /* InfoPlist.strings */; };
		49BB8D291818FCE1007400A5 /* XCTest.framework in Frameworks */ = {isa = PBXBuildFile; fileRef = 49BB8D281818FCE1007400A5 /* XCTest.framework */; };
		49BB8D2A1818FCE1007400A5 /* Cocoa.framework in Frameworks */ = {isa = PBXBuildFile; fileRef = 49BB8D131818FCE1007400A5 /* Cocoa.framework */; };
		49BB8D2D1818FCE1007400A5 /* MLFrameworkLite.framework in Frameworks */ = {isa = PBXBuildFile; fileRef = 49BB8D101818FCE1007400A5 /* MLFrameworkLite.framework */; };
		49BB8D331818FCE1007400A5 /* InfoPlist.strings in Resources */ = {isa = PBXBuildFile; fileRef = 49BB8D311818FCE1007400A5 /* InfoPlist.strings */; };
		49BB8D351818FCE1007400A5 /* MLFrameworkLiteTests.m in Sources */ = {isa = PBXBuildFile; fileRef = 49BB8D341818FCE1007400A5 /* MLFrameworkLiteTests.m */; };
		49BB8D3F1818FD24007400A5 /* MLAssertionMacros.h in Headers */ = {isa = PBXBuildFile; fileRef = 49BB8D3E1818FD24007400A5 /* MLAssertionMacros.h */; };
		49DF17A3182812870079952A /* NSString+MLFrameworkLite.h in Headers */ = {isa = PBXBuildFile; fileRef = 49DF17A1182812870079952A /* NSString+MLFrameworkLite.h */; };
		49DF17A4182812870079952A /* NSString+MLFrameworkLite.m in Sources */ = {isa = PBXBuildFile; fileRef = 49DF17A2182812870079952A /* NSString+MLFrameworkLite.m */; };
		49DF17A5182812870079952A /* NSString+MLFrameworkLite.m in Sources */ = {isa = PBXBuildFile; fileRef = 49DF17A2182812870079952A /* NSString+MLFrameworkLite.m */; };
		49DF17A8182813C80079952A /* View+MLFrameworkLite.h in Headers */ = {isa = PBXBuildFile; fileRef = 49DF17A6182813C80079952A /* View+MLFrameworkLite.h */; };
		49DF17A9182813C80079952A /* View+MLFrameworkLite.m in Sources */ = {isa = PBXBuildFile; fileRef = 49DF17A7182813C80079952A /* View+MLFrameworkLite.m */; };
		49DF17AA182813C80079952A /* View+MLFrameworkLite.m in Sources */ = {isa = PBXBuildFile; fileRef = 49DF17A7182813C80079952A /* View+MLFrameworkLite.m */; };
/* End PBXBuildFile section */

/* Begin PBXContainerItemProxy section */
		49BB8D2B1818FCE1007400A5 /* PBXContainerItemProxy */ = {
			isa = PBXContainerItemProxy;
			containerPortal = 49BB8D071818FCE1007400A5 /* Project object */;
			proxyType = 1;
			remoteGlobalIDString = 49BB8D0F1818FCE1007400A5;
			remoteInfo = MLFrameworkLite;
		};
/* End PBXContainerItemProxy section */

/* Begin PBXFileReference section */
		498A3910182ACC8F00771E1F /* MLMultithreading.h */ = {isa = PBXFileReference; fileEncoding = 4; lastKnownFileType = sourcecode.c.h; path = MLMultithreading.h; sourceTree = "<group>"; };
		49AEFCA5181A4EDB00ED8796 /* MLFrameworkLite.h */ = {isa = PBXFileReference; fileEncoding = 4; lastKnownFileType = sourcecode.c.h; path = MLFrameworkLite.h; sourceTree = "<group>"; };
		49AEFCA6181A4EDB00ED8796 /* MLFrameworkLite.m */ = {isa = PBXFileReference; fileEncoding = 4; lastKnownFileType = sourcecode.c.objc; path = MLFrameworkLite.m; sourceTree = "<group>"; };
		49AEFCB1181C326A00ED8796 /* MLLogMacros.h */ = {isa = PBXFileReference; lastKnownFileType = sourcecode.c.h; path = MLLogMacros.h; sourceTree = "<group>"; };
		49BB8D101818FCE1007400A5 /* MLFrameworkLite.framework */ = {isa = PBXFileReference; explicitFileType = wrapper.framework; includeInIndex = 0; path = MLFrameworkLite.framework; sourceTree = BUILT_PRODUCTS_DIR; };
		49BB8D131818FCE1007400A5 /* Cocoa.framework */ = {isa = PBXFileReference; lastKnownFileType = wrapper.framework; name = Cocoa.framework; path = System/Library/Frameworks/Cocoa.framework; sourceTree = SDKROOT; };
		49BB8D161818FCE1007400A5 /* Foundation.framework */ = {isa = PBXFileReference; lastKnownFileType = wrapper.framework; name = Foundation.framework; path = System/Library/Frameworks/Foundation.framework; sourceTree = SDKROOT; };
		49BB8D171818FCE1007400A5 /* CoreData.framework */ = {isa = PBXFileReference; lastKnownFileType = wrapper.framework; name = CoreData.framework; path = System/Library/Frameworks/CoreData.framework; sourceTree = SDKROOT; };
		49BB8D181818FCE1007400A5 /* AppKit.framework */ = {isa = PBXFileReference; lastKnownFileType = wrapper.framework; name = AppKit.framework; path = System/Library/Frameworks/AppKit.framework; sourceTree = SDKROOT; };
		49BB8D1B1818FCE1007400A5 /* MLFrameworkLite-Info.plist */ = {isa = PBXFileReference; lastKnownFileType = text.plist.xml; path = "MLFrameworkLite-Info.plist"; sourceTree = "<group>"; };
		49BB8D1D1818FCE1007400A5 /* en */ = {isa = PBXFileReference; lastKnownFileType = text.plist.strings; name = en; path = en.lproj/InfoPlist.strings; sourceTree = "<group>"; };
		49BB8D1F1818FCE1007400A5 /* MLFrameworkLite-Prefix.pch */ = {isa = PBXFileReference; lastKnownFileType = sourcecode.c.h; path = "MLFrameworkLite-Prefix.pch"; sourceTree = "<group>"; };
		49BB8D271818FCE1007400A5 /* MLFrameworkLiteTests.xctest */ = {isa = PBXFileReference; explicitFileType = wrapper.cfbundle; includeInIndex = 0; path = MLFrameworkLiteTests.xctest; sourceTree = BUILT_PRODUCTS_DIR; };
		49BB8D281818FCE1007400A5 /* XCTest.framework */ = {isa = PBXFileReference; lastKnownFileType = wrapper.framework; name = XCTest.framework; path = Library/Frameworks/XCTest.framework; sourceTree = DEVELOPER_DIR; };
		49BB8D301818FCE1007400A5 /* MLFrameworkLiteTests-Info.plist */ = {isa = PBXFileReference; lastKnownFileType = text.plist.xml; path = "MLFrameworkLiteTests-Info.plist"; sourceTree = "<group>"; };
		49BB8D321818FCE1007400A5 /* en */ = {isa = PBXFileReference; lastKnownFileType = text.plist.strings; name = en; path = en.lproj/InfoPlist.strings; sourceTree = "<group>"; };
		49BB8D341818FCE1007400A5 /* MLFrameworkLiteTests.m */ = {isa = PBXFileReference; lastKnownFileType = sourcecode.c.objc; path = MLFrameworkLiteTests.m; sourceTree = "<group>"; };
		49BB8D3E1818FD24007400A5 /* MLAssertionMacros.h */ = {isa = PBXFileReference; fileEncoding = 4; lastKnownFileType = sourcecode.c.h; path = MLAssertionMacros.h; sourceTree = "<group>"; };
		49DF17A1182812870079952A /* NSString+MLFrameworkLite.h */ = {isa = PBXFileReference; fileEncoding = 4; lastKnownFileType = sourcecode.c.h; path = "NSString+MLFrameworkLite.h"; sourceTree = "<group>"; };
		49DF17A2182812870079952A /* NSString+MLFrameworkLite.m */ = {isa = PBXFileReference; fileEncoding = 4; lastKnownFileType = sourcecode.c.objc; path = "NSString+MLFrameworkLite.m"; sourceTree = "<group>"; };
		49DF17A6182813C80079952A /* View+MLFrameworkLite.h */ = {isa = PBXFileReference; fileEncoding = 4; lastKnownFileType = sourcecode.c.h; path = "View+MLFrameworkLite.h"; sourceTree = "<group>"; };
		49DF17A7182813C80079952A /* View+MLFrameworkLite.m */ = {isa = PBXFileReference; fileEncoding = 4; lastKnownFileType = sourcecode.c.objc; path = "View+MLFrameworkLite.m"; sourceTree = "<group>"; };
/* End PBXFileReference section */

/* Begin PBXFrameworksBuildPhase section */
		49BB8D0C1818FCE1007400A5 /* Frameworks */ = {
			isa = PBXFrameworksBuildPhase;
			buildActionMask = 2147483647;
			files = (
				49BB8D141818FCE1007400A5 /* Cocoa.framework in Frameworks */,
			);
			runOnlyForDeploymentPostprocessing = 0;
		};
		49BB8D241818FCE1007400A5 /* Frameworks */ = {
			isa = PBXFrameworksBuildPhase;
			buildActionMask = 2147483647;
			files = (
				49BB8D2A1818FCE1007400A5 /* Cocoa.framework in Frameworks */,
				49BB8D291818FCE1007400A5 /* XCTest.framework in Frameworks */,
				49BB8D2D1818FCE1007400A5 /* MLFrameworkLite.framework in Frameworks */,
			);
			runOnlyForDeploymentPostprocessing = 0;
		};
/* End PBXFrameworksBuildPhase section */

/* Begin PBXGroup section */
		49BB8D061818FCE1007400A5 = {
			isa = PBXGroup;
			children = (
				49BB8D191818FCE1007400A5 /* MLFrameworkLite */,
				49BB8D2E1818FCE1007400A5 /* MLFrameworkLiteTests */,
				49BB8D121818FCE1007400A5 /* Frameworks */,
				49BB8D111818FCE1007400A5 /* Products */,
			);
			sourceTree = "<group>";
		};
		49BB8D111818FCE1007400A5 /* Products */ = {
			isa = PBXGroup;
			children = (
				49BB8D101818FCE1007400A5 /* MLFrameworkLite.framework */,
				49BB8D271818FCE1007400A5 /* MLFrameworkLiteTests.xctest */,
			);
			name = Products;
			sourceTree = "<group>";
		};
		49BB8D121818FCE1007400A5 /* Frameworks */ = {
			isa = PBXGroup;
			children = (
				49BB8D131818FCE1007400A5 /* Cocoa.framework */,
				49BB8D281818FCE1007400A5 /* XCTest.framework */,
				49BB8D151818FCE1007400A5 /* Other Frameworks */,
			);
			name = Frameworks;
			sourceTree = "<group>";
		};
		49BB8D151818FCE1007400A5 /* Other Frameworks */ = {
			isa = PBXGroup;
			children = (
				49BB8D161818FCE1007400A5 /* Foundation.framework */,
				49BB8D171818FCE1007400A5 /* CoreData.framework */,
				49BB8D181818FCE1007400A5 /* AppKit.framework */,
			);
			name = "Other Frameworks";
			sourceTree = "<group>";
		};
		49BB8D191818FCE1007400A5 /* MLFrameworkLite */ = {
			isa = PBXGroup;
			children = (
				49AEFCA5181A4EDB00ED8796 /* MLFrameworkLite.h */,
				49AEFCA6181A4EDB00ED8796 /* MLFrameworkLite.m */,
				49DF17A0182812630079952A /* Helpers */,
				49DF179F1828125D0079952A /* Categories */,
				49BB8D1A1818FCE1007400A5 /* Supporting Files */,
			);
			path = MLFrameworkLite;
			sourceTree = "<group>";
		};
		49BB8D1A1818FCE1007400A5 /* Supporting Files */ = {
			isa = PBXGroup;
			children = (
				49BB8D1B1818FCE1007400A5 /* MLFrameworkLite-Info.plist */,
				49BB8D1C1818FCE1007400A5 /* InfoPlist.strings */,
				49BB8D1F1818FCE1007400A5 /* MLFrameworkLite-Prefix.pch */,
			);
			name = "Supporting Files";
			sourceTree = "<group>";
		};
		49BB8D2E1818FCE1007400A5 /* MLFrameworkLiteTests */ = {
			isa = PBXGroup;
			children = (
				49BB8D341818FCE1007400A5 /* MLFrameworkLiteTests.m */,
				49BB8D2F1818FCE1007400A5 /* Supporting Files */,
			);
			path = MLFrameworkLiteTests;
			sourceTree = "<group>";
		};
		49BB8D2F1818FCE1007400A5 /* Supporting Files */ = {
			isa = PBXGroup;
			children = (
				49BB8D301818FCE1007400A5 /* MLFrameworkLiteTests-Info.plist */,
				49BB8D311818FCE1007400A5 /* InfoPlist.strings */,
			);
			name = "Supporting Files";
			sourceTree = "<group>";
		};
		49DF179F1828125D0079952A /* Categories */ = {
			isa = PBXGroup;
			children = (
				49DF17A1182812870079952A /* NSString+MLFrameworkLite.h */,
				49DF17A2182812870079952A /* NSString+MLFrameworkLite.m */,
				49DF17A6182813C80079952A /* View+MLFrameworkLite.h */,
				49DF17A7182813C80079952A /* View+MLFrameworkLite.m */,
			);
			name = Categories;
			sourceTree = "<group>";
		};
		49DF17A0182812630079952A /* Helpers */ = {
			isa = PBXGroup;
			children = (
				49BB8D3E1818FD24007400A5 /* MLAssertionMacros.h */,
				49AEFCB1181C326A00ED8796 /* MLLogMacros.h */,
				498A3910182ACC8F00771E1F /* MLMultithreading.h */,
			);
			name = Helpers;
			sourceTree = "<group>";
		};
/* End PBXGroup section */

/* Begin PBXHeadersBuildPhase section */
		49BB8D0D1818FCE1007400A5 /* Headers */ = {
			isa = PBXHeadersBuildPhase;
			buildActionMask = 2147483647;
			files = (
				498A3912182ACC8F00771E1F /* MLMultithreading.h in Headers */,
				49DF17A3182812870079952A /* NSString+MLFrameworkLite.h in Headers */,
				49DF17A8182813C80079952A /* View+MLFrameworkLite.h in Headers */,
				49AEFCB2181C334800ED8796 /* MLLogMacros.h in Headers */,
				49AEFCA7181A4EDB00ED8796 /* MLFrameworkLite.h in Headers */,
				49BB8D3F1818FD24007400A5 /* MLAssertionMacros.h in Headers */,
			);
			runOnlyForDeploymentPostprocessing = 0;
		};
/* End PBXHeadersBuildPhase section */

/* Begin PBXNativeTarget section */
		49BB8D0F1818FCE1007400A5 /* MLFrameworkLite */ = {
			isa = PBXNativeTarget;
			buildConfigurationList = 49BB8D381818FCE1007400A5 /* Build configuration list for PBXNativeTarget "MLFrameworkLite" */;
			buildPhases = (
				49BB8D0B1818FCE1007400A5 /* Sources */,
				49BB8D0C1818FCE1007400A5 /* Frameworks */,
				49BB8D0D1818FCE1007400A5 /* Headers */,
				49BB8D0E1818FCE1007400A5 /* Resources */,
			);
			buildRules = (
			);
			dependencies = (
			);
			name = MLFrameworkLite;
			productName = MLFrameworkLite;
			productReference = 49BB8D101818FCE1007400A5 /* MLFrameworkLite.framework */;
			productType = "com.apple.product-type.framework";
		};
		49BB8D261818FCE1007400A5 /* MLFrameworkLiteTests */ = {
			isa = PBXNativeTarget;
			buildConfigurationList = 49BB8D3B1818FCE1007400A5 /* Build configuration list for PBXNativeTarget "MLFrameworkLiteTests" */;
			buildPhases = (
				49BB8D231818FCE1007400A5 /* Sources */,
				49BB8D241818FCE1007400A5 /* Frameworks */,
				49BB8D251818FCE1007400A5 /* Resources */,
			);
			buildRules = (
			);
			dependencies = (
				49BB8D2C1818FCE1007400A5 /* PBXTargetDependency */,
			);
			name = MLFrameworkLiteTests;
			productName = MLFrameworkLiteTests;
			productReference = 49BB8D271818FCE1007400A5 /* MLFrameworkLiteTests.xctest */;
			productType = "com.apple.product-type.bundle.unit-test";
		};
/* End PBXNativeTarget section */

/* Begin PBXProject section */
		49BB8D071818FCE1007400A5 /* Project object */ = {
			isa = PBXProject;
			attributes = {
				LastUpgradeCheck = 0500;
				ORGANIZATIONNAME = "Miguel Lara";
				TargetAttributes = {
					49BB8D261818FCE1007400A5 = {
						TestTargetID = 49BB8D0F1818FCE1007400A5;
					};
				};
			};
			buildConfigurationList = 49BB8D0A1818FCE1007400A5 /* Build configuration list for PBXProject "MLFrameworkLite" */;
			compatibilityVersion = "Xcode 3.2";
			developmentRegion = English;
			hasScannedForEncodings = 0;
			knownRegions = (
				en,
			);
			mainGroup = 49BB8D061818FCE1007400A5;
			productRefGroup = 49BB8D111818FCE1007400A5 /* Products */;
			projectDirPath = "";
			projectRoot = "";
			targets = (
				49BB8D0F1818FCE1007400A5 /* MLFrameworkLite */,
				49BB8D261818FCE1007400A5 /* MLFrameworkLiteTests */,
			);
		};
/* End PBXProject section */

/* Begin PBXResourcesBuildPhase section */
		49BB8D0E1818FCE1007400A5 /* Resources */ = {
			isa = PBXResourcesBuildPhase;
			buildActionMask = 2147483647;
			files = (
				49BB8D1E1818FCE1007400A5 /* InfoPlist.strings in Resources */,
			);
			runOnlyForDeploymentPostprocessing = 0;
		};
		49BB8D251818FCE1007400A5 /* Resources */ = {
			isa = PBXResourcesBuildPhase;
			buildActionMask = 2147483647;
			files = (
				49BB8D331818FCE1007400A5 /* InfoPlist.strings in Resources */,
			);
			runOnlyForDeploymentPostprocessing = 0;
		};
/* End PBXResourcesBuildPhase section */

/* Begin PBXSourcesBuildPhase section */
		49BB8D0B1818FCE1007400A5 /* Sources */ = {
			isa = PBXSourcesBuildPhase;
			buildActionMask = 2147483647;
			files = (
				49AEFCA8181A4EDB00ED8796 /* MLFrameworkLite.m in Sources */,
				49DF17A9182813C80079952A /* View+MLFrameworkLite.m in Sources */,
				49DF17A4182812870079952A /* NSString+MLFrameworkLite.m in Sources */,
			);
			runOnlyForDeploymentPostprocessing = 0;
		};
		49BB8D231818FCE1007400A5 /* Sources */ = {
			isa = PBXSourcesBuildPhase;
			buildActionMask = 2147483647;
			files = (
				49DF17AA182813C80079952A /* View+MLFrameworkLite.m in Sources */,
				49DF17A5182812870079952A /* NSString+MLFrameworkLite.m in Sources */,
				49BB8D351818FCE1007400A5 /* MLFrameworkLiteTests.m in Sources */,
				49AEFCA9181A4EDB00ED8796 /* MLFrameworkLite.m in Sources */,
			);
			runOnlyForDeploymentPostprocessing = 0;
		};
/* End PBXSourcesBuildPhase section */

/* Begin PBXTargetDependency section */
		49BB8D2C1818FCE1007400A5 /* PBXTargetDependency */ = {
			isa = PBXTargetDependency;
			target = 49BB8D0F1818FCE1007400A5 /* MLFrameworkLite */;
			targetProxy = 49BB8D2B1818FCE1007400A5 /* PBXContainerItemProxy */;
		};
/* End PBXTargetDependency section */

/* Begin PBXVariantGroup section */
		49BB8D1C1818FCE1007400A5 /* InfoPlist.strings */ = {
			isa = PBXVariantGroup;
			children = (
				49BB8D1D1818FCE1007400A5 /* en */,
			);
			name = InfoPlist.strings;
			sourceTree = "<group>";
		};
		49BB8D311818FCE1007400A5 /* InfoPlist.strings */ = {
			isa = PBXVariantGroup;
			children = (
				49BB8D321818FCE1007400A5 /* en */,
			);
			name = InfoPlist.strings;
			sourceTree = "<group>";
		};
/* End PBXVariantGroup section */

/* Begin XCBuildConfiguration section */
		49BB8D361818FCE1007400A5 /* Debug */ = {
			isa = XCBuildConfiguration;
			buildSettings = {
				ALWAYS_SEARCH_USER_PATHS = NO;
				CLANG_CXX_LANGUAGE_STANDARD = "gnu++0x";
				CLANG_CXX_LIBRARY = "libc++";
				CLANG_ENABLE_OBJC_ARC = YES;
				CLANG_WARN_BOOL_CONVERSION = YES;
				CLANG_WARN_CONSTANT_CONVERSION = YES;
				CLANG_WARN_DIRECT_OBJC_ISA_USAGE = YES_ERROR;
				CLANG_WARN_EMPTY_BODY = YES;
				CLANG_WARN_ENUM_CONVERSION = YES;
				CLANG_WARN_INT_CONVERSION = YES;
				CLANG_WARN_OBJC_ROOT_CLASS = YES_ERROR;
				CLANG_WARN__DUPLICATE_METHOD_MATCH = YES;
				COPY_PHASE_STRIP = NO;
				GCC_C_LANGUAGE_STANDARD = gnu99;
				GCC_DYNAMIC_NO_PIC = NO;
				GCC_ENABLE_OBJC_EXCEPTIONS = YES;
				GCC_OPTIMIZATION_LEVEL = 0;
				GCC_PREPROCESSOR_DEFINITIONS = (
					"DEBUG=1",
					"$(inherited)",
				);
				GCC_SYMBOLS_PRIVATE_EXTERN = NO;
				GCC_WARN_64_TO_32_BIT_CONVERSION = YES;
				GCC_WARN_ABOUT_RETURN_TYPE = YES_ERROR;
				GCC_WARN_UNDECLARED_SELECTOR = YES;
				GCC_WARN_UNINITIALIZED_AUTOS = YES;
				GCC_WARN_UNUSED_FUNCTION = YES;
				GCC_WARN_UNUSED_VARIABLE = YES;
				MACOSX_DEPLOYMENT_TARGET = 10.9;
				ONLY_ACTIVE_ARCH = YES;
				SDKROOT = macosx;
			};
			name = Debug;
		};
		49BB8D371818FCE1007400A5 /* Release */ = {
			isa = XCBuildConfiguration;
			buildSettings = {
				ALWAYS_SEARCH_USER_PATHS = NO;
				CLANG_CXX_LANGUAGE_STANDARD = "gnu++0x";
				CLANG_CXX_LIBRARY = "libc++";
				CLANG_ENABLE_OBJC_ARC = YES;
				CLANG_WARN_BOOL_CONVERSION = YES;
				CLANG_WARN_CONSTANT_CONVERSION = YES;
				CLANG_WARN_DIRECT_OBJC_ISA_USAGE = YES_ERROR;
				CLANG_WARN_EMPTY_BODY = YES;
				CLANG_WARN_ENUM_CONVERSION = YES;
				CLANG_WARN_INT_CONVERSION = YES;
				CLANG_WARN_OBJC_ROOT_CLASS = YES_ERROR;
				CLANG_WARN__DUPLICATE_METHOD_MATCH = YES;
				COPY_PHASE_STRIP = YES;
				DEBUG_INFORMATION_FORMAT = "dwarf-with-dsym";
				ENABLE_NS_ASSERTIONS = NO;
				GCC_C_LANGUAGE_STANDARD = gnu99;
				GCC_ENABLE_OBJC_EXCEPTIONS = YES;
				GCC_WARN_64_TO_32_BIT_CONVERSION = YES;
				GCC_WARN_ABOUT_RETURN_TYPE = YES_ERROR;
				GCC_WARN_UNDECLARED_SELECTOR = YES;
				GCC_WARN_UNINITIALIZED_AUTOS = YES;
				GCC_WARN_UNUSED_FUNCTION = YES;
				GCC_WARN_UNUSED_VARIABLE = YES;
				MACOSX_DEPLOYMENT_TARGET = 10.9;
				SDKROOT = macosx;
			};
			name = Release;
		};
		49BB8D391818FCE1007400A5 /* Debug */ = {
			isa = XCBuildConfiguration;
			buildSettings = {
				COMBINE_HIDPI_IMAGES = YES;
				DYLIB_COMPATIBILITY_VERSION = 1;
				DYLIB_CURRENT_VERSION = 1;
				FRAMEWORK_VERSION = A;
				GCC_PRECOMPILE_PREFIX_HEADER = YES;
				GCC_PREFIX_HEADER = "MLFrameworkLite/MLFrameworkLite-Prefix.pch";
				INFOPLIST_FILE = "MLFrameworkLite/MLFrameworkLite-Info.plist";
				PRODUCT_NAME = "$(TARGET_NAME)";
				WRAPPER_EXTENSION = framework;
			};
			name = Debug;
		};
		49BB8D3A1818FCE1007400A5 /* Release */ = {
			isa = XCBuildConfiguration;
			buildSettings = {
				COMBINE_HIDPI_IMAGES = YES;
				DYLIB_COMPATIBILITY_VERSION = 1;
				DYLIB_CURRENT_VERSION = 1;
				FRAMEWORK_VERSION = A;
				GCC_PRECOMPILE_PREFIX_HEADER = YES;
				GCC_PREFIX_HEADER = "MLFrameworkLite/MLFrameworkLite-Prefix.pch";
				INFOPLIST_FILE = "MLFrameworkLite/MLFrameworkLite-Info.plist";
				PRODUCT_NAME = "$(TARGET_NAME)";
				WRAPPER_EXTENSION = framework;
			};
			name = Release;
		};
		49BB8D3C1818FCE1007400A5 /* Debug */ = {
			isa = XCBuildConfiguration;
			buildSettings = {
				BUNDLE_LOADER = "$(BUILT_PRODUCTS_DIR)/MLFrameworkLite.framework/Versions/A/MLFrameworkLite";
				COMBINE_HIDPI_IMAGES = YES;
				FRAMEWORK_SEARCH_PATHS = (
					"$(DEVELOPER_FRAMEWORKS_DIR)",
					"$(inherited)",
				);
				GCC_PRECOMPILE_PREFIX_HEADER = YES;
				GCC_PREFIX_HEADER = "MLFrameworkLite/MLFrameworkLite-Prefix.pch";
				GCC_PREPROCESSOR_DEFINITIONS = (
					"DEBUG=1",
					"$(inherited)",
				);
				INFOPLIST_FILE = "MLFrameworkLiteTests/MLFrameworkLiteTests-Info.plist";
				PRODUCT_NAME = "$(TARGET_NAME)";
				TEST_HOST = "$(BUNDLE_LOADER)";
				WRAPPER_EXTENSION = xctest;
			};
			name = Debug;
		};
		49BB8D3D1818FCE1007400A5 /* Release */ = {
			isa = XCBuildConfiguration;
			buildSettings = {
				BUNDLE_LOADER = "$(BUILT_PRODUCTS_DIR)/MLFrameworkLite.framework/Versions/A/MLFrameworkLite";
				COMBINE_HIDPI_IMAGES = YES;
				FRAMEWORK_SEARCH_PATHS = (
					"$(DEVELOPER_FRAMEWORKS_DIR)",
					"$(inherited)",
				);
				GCC_PRECOMPILE_PREFIX_HEADER = YES;
				GCC_PREFIX_HEADER = "MLFrameworkLite/MLFrameworkLite-Prefix.pch";
				INFOPLIST_FILE = "MLFrameworkLiteTests/MLFrameworkLiteTests-Info.plist";
				PRODUCT_NAME = "$(TARGET_NAME)";
				TEST_HOST = "$(BUNDLE_LOADER)";
				WRAPPER_EXTENSION = xctest;
			};
			name = Release;
		};
/* End XCBuildConfiguration section */

/* Begin XCConfigurationList section */
		49BB8D0A1818FCE1007400A5 /* Build configuration list for PBXProject "MLFrameworkLite" */ = {
			isa = XCConfigurationList;
			buildConfigurations = (
				49BB8D361818FCE1007400A5 /* Debug */,
				49BB8D371818FCE1007400A5 /* Release */,
			);
			defaultConfigurationIsVisible = 0;
			defaultConfigurationName = Release;
		};
		49BB8D381818FCE1007400A5 /* Build configuration list for PBXNativeTarget "MLFrameworkLite" */ = {
			isa = XCConfigurationList;
			buildConfigurations = (
				49BB8D391818FCE1007400A5 /* Debug */,
				49BB8D3A1818FCE1007400A5 /* Release */,
			);
			defaultConfigurationIsVisible = 0;
			defaultConfigurationName = Release;
		};
		49BB8D3B1818FCE1007400A5 /* Build configuration list for PBXNativeTarget "MLFrameworkLiteTests" */ = {
			isa = XCConfigurationList;
			buildConfigurations = (
				49BB8D3C1818FCE1007400A5 /* Debug */,
				49BB8D3D1818FCE1007400A5 /* Release */,
			);
			defaultConfigurationIsVisible = 0;
			defaultConfigurationName = Release;
		};
/* End XCConfigurationList section */
	};
	rootObject = 49BB8D071818FCE1007400A5 /* Project object */;
}
